
Microsoft Visual Studio Solution File, Format Version 12.00
# Visual Studio Version 17
VisualStudioVersion = 17.0.31903.59
MinimumVisualStudioVersion = 10.0.40219.1
Project("{FAE04EC0-301F-11D3-BF4B-00C04F79EFBC}") = "AuthService", "AuthService\AuthService.csproj", "{8DC69042-3B49-436C-A823-5E57413CBA0C}"
EndProject
Global
	GlobalSection(SolutionConfigurationPlatforms) = preSolution
		Debug|Any CPU = Debug|Any CPU
		Release|Any CPU = Release|Any CPU
	EndGlobalSection
	GlobalSection(SolutionProperties) = preSolution
		HideSolutionNode = FALSE
	EndGlobalSection
	GlobalSection(ProjectConfigurationPlatforms) = postSolution
		{8DC69042-3B49-436C-A823-5E57413CBA0C}.Debug|Any CPU.ActiveCfg = Debug|Any CPU
		{8DC69042-3B49-436C-A823-5E57413CBA0C}.Debug|Any CPU.Build.0 = Debug|Any CPU
		{8DC69042-3B49-436C-A823-5E57413CBA0C}.Release|Any CPU.ActiveCfg = Release|Any CPU
		{8DC69042-3B49-436C-A823-5E57413CBA0C}.Release|Any CPU.Build.0 = Release|Any CPU
		{9DCA037E-0230-424B-90AC-3190C922A03F}.Debug|Any CPU.ActiveCfg = Debug|Any CPU
		{9DCA037E-0230-424B-90AC-3190C922A03F}.Debug|Any CPU.Build.0 = Debug|Any CPU
		{9DCA037E-0230-424B-90AC-3190C922A03F}.Release|Any CPU.ActiveCfg = Release|Any CPU
		{9DCA037E-0230-424B-90AC-3190C922A03F}.Release|Any CPU.Build.0 = Release|Any CPU
	EndGlobalSection
EndGlobal
