
Microsoft Visual Studio Solution File, Format Version 12.00
# Visual Studio Version 17
VisualStudioVersion = 17.0.31903.59
MinimumVisualStudioVersion = 10.0.40219.1
Project("{FAE04EC0-301F-11D3-BF4B-00C04F79EFBC}") = "UserService", "UserService\UserService.csproj", "{3A3100D0-72B7-4F81-9112-E9D749E2E86E}"
EndProject
Global
	GlobalSection(SolutionConfigurationPlatforms) = preSolution
		Debug|Any CPU = Debug|Any CPU
		Release|Any CPU = Release|Any CPU
	EndGlobalSection
	GlobalSection(SolutionProperties) = preSolution
		HideSolutionNode = FALSE
	EndGlobalSection
	GlobalSection(ProjectConfigurationPlatforms) = postSolution
		{3A3100D0-72B7-4F81-9112-E9D749E2E86E}.Debug|Any CPU.ActiveCfg = Debug|Any CPU
		{3A3100D0-72B7-4F81-9112-E9D749E2E86E}.Debug|Any CPU.Build.0 = Debug|Any CPU
		{3A3100D0-72B7-4F81-9112-E9D749E2E86E}.Release|Any CPU.ActiveCfg = Release|Any CPU
		{3A3100D0-72B7-4F81-9112-E9D749E2E86E}.Release|Any CPU.Build.0 = Release|Any CPU
		{B6849ED8-735E-4981-9DAA-CFF42571E773}.Debug|Any CPU.ActiveCfg = Debug|Any CPU
		{B6849ED8-735E-4981-9DAA-CFF42571E773}.Debug|Any CPU.Build.0 = Debug|Any CPU
		{B6849ED8-735E-4981-9DAA-CFF42571E773}.Release|Any CPU.ActiveCfg = Release|Any CPU
		{B6849ED8-735E-4981-9DAA-CFF42571E773}.Release|Any CPU.Build.0 = Release|Any CPU
	EndGlobalSection
EndGlobal
